<?xml version="1.0" encoding="utf-8"?>
<Project ToolsVersion="4.0" xmlns="http://schemas.microsoft.com/developer/msbuild/2003">
  <ItemGroup>
    <ClCompile Include="LLetter.cpp">
      <Filter>LSystem</Filter>
    </ClCompile>
    <ClCompile Include="LRule.cpp">
      <Filter>LSystem</Filter>
    </ClCompile>
    <ClCompile Include="LSystem.cpp">
      <Filter>LSystem</Filter>
    </ClCompile>
    <ClCompile Include="LSystemTest.cpp">
      <Filter>LSystem</Filter>
    </ClCompile>
    <ClCompile Include="Temp.cpp" />
  </ItemGroup>
  <ItemGroup>
    <ClInclude Include="LLetter.hpp">
      <Filter>LSystem</Filter>
    </ClInclude>
    <ClInclude Include="LRule.hpp">
      <Filter>LSystem</Filter>
    </ClInclude>
    <ClInclude Include="LSystem.hpp">
      <Filter>LSystem</Filter>
    </ClInclude>
  </ItemGroup>
  <ItemGroup>
    <Filter Include="LSystem">
      <UniqueIdentifier>{66fba13c-dddf-4342-b736-053e52634d32}</UniqueIdentifier>
    </Filter>
  </ItemGroup>
</Project>